
Microsoft Visual Studio Solution File, Format Version 12.00
# Visual Studio 15
Project("{FAE04EC0-301F-11D3-BF4B-00C04F79EFBC}") = "Assembly-CSharp", "Assembly-CSharp.csproj", "{3DA84780-8E97-CE2F-2F82-55CEE9AE5506}"
EndProject
Global
	GlobalSection(SolutionConfigurationPlatforms) = preSolution
		Debug|Any CPU = Debug|Any CPU
		Release|Any CPU = Release|Any CPU
	EndGlobalSection
	GlobalSection(ProjectConfigurationPlatforms) = postSolution
		{3DA84780-8E97-CE2F-2F82-55CEE9AE5506}.Debug|Any CPU.ActiveCfg = Debug|Any CPU
		{3DA84780-8E97-CE2F-2F82-55CEE9AE5506}.Debug|Any CPU.Build.0 = Debug|Any CPU
		{3DA84780-8E97-CE2F-2F82-55CEE9AE5506}.Release|Any CPU.ActiveCfg = Release|Any CPU
		{3DA84780-8E97-CE2F-2F82-55CEE9AE5506}.Release|Any CPU.Build.0 = Release|Any CPU
	EndGlobalSection
	GlobalSection(SolutionProperties) = preSolution
		HideSolutionNode = FALSE
	EndGlobalSection
EndGlobal
